// !$*UTF8*$!
{
	archiveVersion = 1;
	classes = {
	};
	objectVersion = 46;
	objects = {

/* Begin PBXBuildFile section */
		CF1493FC1C317BBC00571C47 /* AppDelegate.swift in Sources */ = {isa = PBXBuildFile; fileRef = CF1493FB1C317BBC00571C47 /* AppDelegate.swift */; };
		CF1493FE1C317BBC00571C47 /* ViewController.swift in Sources */ = {isa = PBXBuildFile; fileRef = CF1493FD1C317BBC00571C47 /* ViewController.swift */; };
		CF1494011C317BBC00571C47 /* Main.storyboard in Resources */ = {isa = PBXBuildFile; fileRef = CF1493FF1C317BBC00571C47 /* Main.storyboard */; };
		CF1494031C317BBC00571C47 /* Assets.xcassets in Resources */ = {isa = PBXBuildFile; fileRef = CF1494021C317BBC00571C47 /* Assets.xcassets */; };
		CF1494061C317BBC00571C47 /* LaunchScreen.storyboard in Resources */ = {isa = PBXBuildFile; fileRef = CF1494041C317BBC00571C47 /* LaunchScreen.storyboard */; };
		CFA139611E5ACE1B00CA7EF8 /* CTShowcase.framework in Frameworks */ = {isa = PBXBuildFile; fileRef = CFF5287E1E4729DC008ED7E6 /* CTShowcase.framework */; };
		CFA139621E5ACE1B00CA7EF8 /* CTShowcase.framework in Embed Frameworks */ = {isa = PBXBuildFile; fileRef = CFF5287E1E4729DC008ED7E6 /* CTShowcase.framework */; settings = {ATTRIBUTES = (CodeSignOnCopy, RemoveHeadersOnCopy, ); }; };
/* End PBXBuildFile section */

/* Begin PBXContainerItemProxy section */
		CFA139631E5ACE1B00CA7EF8 /* PBXContainerItemProxy */ = {
			isa = PBXContainerItemProxy;
			containerPortal = CFF528791E4729DC008ED7E6 /* CTShowcase.xcodeproj */;
			proxyType = 1;
			remoteGlobalIDString = CFF528571E472412008ED7E6;
			remoteInfo = CTShowcase;
		};
		CFF5287D1E4729DC008ED7E6 /* PBXContainerItemProxy */ = {
			isa = PBXContainerItemProxy;
			containerPortal = CFF528791E4729DC008ED7E6 /* CTShowcase.xcodeproj */;
			proxyType = 2;
			remoteGlobalIDString = CFF528581E472412008ED7E6;
			remoteInfo = CTShowcase;
		};
		CFF5287F1E4729E8008ED7E6 /* PBXContainerItemProxy */ = {
			isa = PBXContainerItemProxy;
			containerPortal = CFF528791E4729DC008ED7E6 /* CTShowcase.xcodeproj */;
			proxyType = 1;
			remoteGlobalIDString = CFF528571E472412008ED7E6;
			remoteInfo = CTShowcase;
		};
/* End PBXContainerItemProxy section */

/* Begin PBXCopyFilesBuildPhase section */
		CFA139651E5ACE1B00CA7EF8 /* Embed Frameworks */ = {
			isa = PBXCopyFilesBuildPhase;
			buildActionMask = 2147483647;
			dstPath = "";
			dstSubfolderSpec = 10;
			files = (
				CFA139621E5ACE1B00CA7EF8 /* CTShowcase.framework in Embed Frameworks */,
			);
			name = "Embed Frameworks";
			runOnlyForDeploymentPostprocessing = 0;
		};
/* End PBXCopyFilesBuildPhase section */

/* Begin PBXFileReference section */
		CF1493F81C317BBC00571C47 /* Example.app */ = {isa = PBXFileReference; explicitFileType = wrapper.application; includeInIndex = 0; path = Example.app; sourceTree = BUILT_PRODUCTS_DIR; };
		CF1493FB1C317BBC00571C47 /* AppDelegate.swift */ = {isa = PBXFileReference; lastKnownFileType = sourcecode.swift; path = AppDelegate.swift; sourceTree = "<group>"; };
		CF1493FD1C317BBC00571C47 /* ViewController.swift */ = {isa = PBXFileReference; lastKnownFileType = sourcecode.swift; path = ViewController.swift; sourceTree = "<group>"; };
		CF1494001C317BBC00571C47 /* Base */ = {isa = PBXFileReference; lastKnownFileType = file.storyboard; name = Base; path = Base.lproj/Main.storyboard; sourceTree = "<group>"; };
		CF1494021C317BBC00571C47 /* Assets.xcassets */ = {isa = PBXFileReference; lastKnownFileType = folder.assetcatalog; path = Assets.xcassets; sourceTree = "<group>"; };
		CF1494051C317BBC00571C47 /* Base */ = {isa = PBXFileReference; lastKnownFileType = file.storyboard; name = Base; path = Base.lproj/LaunchScreen.storyboard; sourceTree = "<group>"; };
		CF1494071C317BBC00571C47 /* Info.plist */ = {isa = PBXFileReference; lastKnownFileType = text.plist.xml; path = Info.plist; sourceTree = "<group>"; };
		CFF528791E4729DC008ED7E6 /* CTShowcase.xcodeproj */ = {isa = PBXFileReference; lastKnownFileType = "wrapper.pb-project"; name = CTShowcase.xcodeproj; path = ../CTShowcase.xcodeproj; sourceTree = "<group>"; };
/* End PBXFileReference section */

/* Begin PBXFrameworksBuildPhase section */
		CF1493F51C317BBC00571C47 /* Frameworks */ = {
			isa = PBXFrameworksBuildPhase;
			buildActionMask = 2147483647;
			files = (
				CFA139611E5ACE1B00CA7EF8 /* CTShowcase.framework in Frameworks */,
			);
			runOnlyForDeploymentPostprocessing = 0;
		};
/* End PBXFrameworksBuildPhase section */

/* Begin PBXGroup section */
		CF1493EF1C317BBC00571C47 = {
			isa = PBXGroup;
			children = (
				CF1493FA1C317BBC00571C47 /* Example */,
				CF1493F91C317BBC00571C47 /* Products */,
				CFF528791E4729DC008ED7E6 /* CTShowcase.xcodeproj */,
			);
			sourceTree = "<group>";
		};
		CF1493F91C317BBC00571C47 /* Products */ = {
			isa = PBXGroup;
			children = (
				CF1493F81C317BBC00571C47 /* Example.app */,
			);
			name = Products;
			sourceTree = "<group>";
		};
		CF1493FA1C317BBC00571C47 /* Example */ = {
			isa = PBXGroup;
			children = (
				CF1493FB1C317BBC00571C47 /* AppDelegate.swift */,
				CF1493FD1C317BBC00571C47 /* ViewController.swift */,
				CF1493FF1C317BBC00571C47 /* Main.storyboard */,
				CF1494021C317BBC00571C47 /* Assets.xcassets */,
				CF1494041C317BBC00571C47 /* LaunchScreen.storyboard */,
				CF1494071C317BBC00571C47 /* Info.plist */,
			);
			path = Example;
			sourceTree = "<group>";
		};
		CFF5287A1E4729DC008ED7E6 /* Products */ = {
			isa = PBXGroup;
			children = (
				CFF5287E1E4729DC008ED7E6 /* CTShowcase.framework */,
			);
			name = Products;
			sourceTree = "<group>";
		};
/* End PBXGroup section */

/* Begin PBXNativeTarget section */
		CF1493F71C317BBC00571C47 /* Example */ = {
			isa = PBXNativeTarget;
			buildConfigurationList = CF14940A1C317BBC00571C47 /* Build configuration list for PBXNativeTarget "Example" */;
			buildPhases = (
				CF1493F41C317BBC00571C47 /* Sources */,
				CF1493F51C317BBC00571C47 /* Frameworks */,
				CF1493F61C317BBC00571C47 /* Resources */,
				CFA139651E5ACE1B00CA7EF8 /* Embed Frameworks */,
			);
			buildRules = (
			);
			dependencies = (
				CFF528801E4729E8008ED7E6 /* PBXTargetDependency */,
				CFA139641E5ACE1B00CA7EF8 /* PBXTargetDependency */,
			);
			name = Example;
			productName = Example;
			productReference = CF1493F81C317BBC00571C47 /* Example.app */;
			productType = "com.apple.product-type.application";
		};
/* End PBXNativeTarget section */

/* Begin PBXProject section */
		CF1493F01C317BBC00571C47 /* Project object */ = {
			isa = PBXProject;
			attributes = {
				LastSwiftUpdateCheck = 0720;
				LastUpgradeCheck = 1020;
				ORGANIZATIONNAME = scihant;
				TargetAttributes = {
					CF1493F71C317BBC00571C47 = {
						CreatedOnToolsVersion = 7.2;
						DevelopmentTeam = 38P3Q4228V;
						LastSwiftMigration = 1020;
					};
				};
			};
			buildConfigurationList = CF1493F31C317BBC00571C47 /* Build configuration list for PBXProject "Example" */;
			compatibilityVersion = "Xcode 3.2";
			developmentRegion = en;
			hasScannedForEncodings = 0;
			knownRegions = (
				en,
				Base,
			);
			mainGroup = CF1493EF1C317BBC00571C47;
			productRefGroup = CF1493F91C317BBC00571C47 /* Products */;
			projectDirPath = "";
			projectReferences = (
				{
					ProductGroup = CFF5287A1E4729DC008ED7E6 /* Products */;
					ProjectRef = CFF528791E4729DC008ED7E6 /* CTShowcase.xcodeproj */;
				},
			);
			projectRoot = "";
			targets = (
				CF1493F71C317BBC00571C47 /* Example */,
			);
		};
/* End PBXProject section */

/* Begin PBXReferenceProxy section */
		CFF5287E1E4729DC008ED7E6 /* CTShowcase.framework */ = {
			isa = PBXReferenceProxy;
			fileType = wrapper.framework;
			path = CTShowcase.framework;
			remoteRef = CFF5287D1E4729DC008ED7E6 /* PBXContainerItemProxy */;
			sourceTree = BUILT_PRODUCTS_DIR;
		};
/* End PBXReferenceProxy section */

/* Begin PBXResourcesBuildPhase section */
		CF1493F61C317BBC00571C47 /* Resources */ = {
			isa = PBXResourcesBuildPhase;
			buildActionMask = 2147483647;
			files = (
				CF1494061C317BBC00571C47 /* LaunchScreen.storyboard in Resources */,
				CF1494031C317BBC00571C47 /* Assets.xcassets in Resources */,
				CF1494011C317BBC00571C47 /* Main.storyboard in Resources */,
			);
			runOnlyForDeploymentPostprocessing = 0;
		};
/* End PBXResourcesBuildPhase section */

/* Begin PBXSourcesBuildPhase section */
		CF1493F41C317BBC00571C47 /* Sources */ = {
			isa = PBXSourcesBuildPhase;
			buildActionMask = 2147483647;
			files = (
				CF1493FE1C317BBC00571C47 /* ViewController.swift in Sources */,
				CF1493FC1C317BBC00571C47 /* AppDelegate.swift in Sources */,
			);
			runOnlyForDeploymentPostprocessing = 0;
		};
/* End PBXSourcesBuildPhase section */

/* Begin PBXTargetDependency section */
		CFA139641E5ACE1B00CA7EF8 /* PBXTargetDependency */ = {
			isa = PBXTargetDependency;
			name = CTShowcase;
			targetProxy = CFA139631E5ACE1B00CA7EF8 /* PBXContainerItemProxy */;
		};
		CFF528801E4729E8008ED7E6 /* PBXTargetDependency */ = {
			isa = PBXTargetDependency;
			name = CTShowcase;
			targetProxy = CFF5287F1E4729E8008ED7E6 /* PBXContainerItemProxy */;
		};
/* End PBXTargetDependency section */

/* Begin PBXVariantGroup section */
		CF1493FF1C317BBC00571C47 /* Main.storyboard */ = {
			isa = PBXVariantGroup;
			children = (
				CF1494001C317BBC00571C47 /* Base */,
			);
			name = Main.storyboard;
			sourceTree = "<group>";
		};
		CF1494041C317BBC00571C47 /* LaunchScreen.storyboard */ = {
			isa = PBXVariantGroup;
			children = (
				CF1494051C317BBC00571C47 /* Base */,
			);
			name = LaunchScreen.storyboard;
			sourceTree = "<group>";
		};
/* End PBXVariantGroup section */

/* Begin XCBuildConfiguration section */
		CF1494081C317BBC00571C47 /* Debug */ = {
			isa = XCBuildConfiguration;
			buildSettings = {
				ALWAYS_SEARCH_USER_PATHS = NO;
				CLANG_ANALYZER_LOCALIZABILITY_NONLOCALIZED = YES;
				CLANG_CXX_LANGUAGE_STANDARD = "gnu++0x";
				CLANG_CXX_LIBRARY = "libc++";
				CLANG_ENABLE_MODULES = YES;
				CLANG_ENABLE_OBJC_ARC = YES;
				CLANG_WARN_BLOCK_CAPTURE_AUTORELEASING = YES;
				CLANG_WARN_BOOL_CONVERSION = YES;
				CLANG_WARN_COMMA = YES;
				CLANG_WARN_CONSTANT_CONVERSION = YES;
				CLANG_WARN_DEPRECATED_OBJC_IMPLEMENTATIONS = YES;
				CLANG_WARN_DIRECT_OBJC_ISA_USAGE = YES_ERROR;
				CLANG_WARN_EMPTY_BODY = YES;
				CLANG_WARN_ENUM_CONVERSION = YES;
				CLANG_WARN_INFINITE_RECURSION = YES;
				CLANG_WARN_INT_CONVERSION = YES;
				CLANG_WARN_NON_LITERAL_NULL_CONVERSION = YES;
				CLANG_WARN_OBJC_IMPLICIT_RETAIN_SELF = YES;
				CLANG_WARN_OBJC_LITERAL_CONVERSION = YES;
				CLANG_WARN_OBJC_ROOT_CLASS = YES_ERROR;
				CLANG_WARN_RANGE_LOOP_ANALYSIS = YES;
				CLANG_WARN_STRICT_PROTOTYPES = YES;
				CLANG_WARN_SUSPICIOUS_MOVE = YES;
				CLANG_WARN_UNREACHABLE_CODE = YES;
				CLANG_WARN__DUPLICATE_METHOD_MATCH = YES;
				"CODE_SIGN_IDENTITY[sdk=iphoneos*]" = "iPhone Developer";
				COPY_PHASE_STRIP = NO;
				DEBUG_INFORMATION_FORMAT = dwarf;
				ENABLE_STRICT_OBJC_MSGSEND = YES;
				ENABLE_TESTABILITY = YES;
				GCC_C_LANGUAGE_STANDARD = gnu99;
				GCC_DYNAMIC_NO_PIC = NO;
				GCC_NO_COMMON_BLOCKS = YES;
				GCC_OPTIMIZATION_LEVEL = 0;
				GCC_PREPROCESSOR_DEFINITIONS = (
					"DEBUG=1",
					"$(inherited)",
				);
				GCC_WARN_64_TO_32_BIT_CONVERSION = YES;
				GCC_WARN_ABOUT_RETURN_TYPE = YES_ERROR;
				GCC_WARN_UNDECLARED_SELECTOR = YES;
				GCC_WARN_UNINITIALIZED_AUTOS = YES_AGGRESSIVE;
				GCC_WARN_UNUSED_FUNCTION = YES;
				GCC_WARN_UNUSED_VARIABLE = YES;
				IPHONEOS_DEPLOYMENT_TARGET = 8.0;
				MTL_ENABLE_DEBUG_INFO = YES;
				ONLY_ACTIVE_ARCH = YES;
				SDKROOT = iphoneos;
				SWIFT_OPTIMIZATION_LEVEL = "-Onone";
				SWIFT_SWIFT3_OBJC_INFERENCE = Off;
				TARGETED_DEVICE_FAMILY = "1,2";
			};
			name = Debug;
		};
		CF1494091C317BBC00571C47 /* Release */ = {
			isa = XCBuildConfiguration;
			buildSettings = {
				ALWAYS_SEARCH_USER_PATHS = NO;
				CLANG_ANALYZER_LOCALIZABILITY_NONLOCALIZED = YES;
				CLANG_CXX_LANGUAGE_STANDARD = "gnu++0x";
				CLANG_CXX_LIBRARY = "libc++";
				CLANG_ENABLE_MODULES = YES;
				CLANG_ENABLE_OBJC_ARC = YES;
				CLANG_WARN_BLOCK_CAPTURE_AUTORELEASING = YES;
				CLANG_WARN_BOOL_CONVERSION = YES;
				CLANG_WARN_COMMA = YES;
				CLANG_WARN_CONSTANT_CONVERSION = YES;
				CLANG_WARN_DEPRECATED_OBJC_IMPLEMENTATIONS = YES;
				CLANG_WARN_DIRECT_OBJC_ISA_USAGE = YES_ERROR;
				CLANG_WARN_EMPTY_BODY = YES;
				CLANG_WARN_ENUM_CONVERSION = YES;
				CLANG_WARN_INFINITE_RECURSION = YES;
				CLANG_WARN_INT_CONVERSION = YES;
				CLANG_WARN_NON_LITERAL_NULL_CONVERSION = YES;
				CLANG_WARN_OBJC_IMPLICIT_RETAIN_SELF = YES;
				CLANG_WARN_OBJC_LITERAL_CONVERSION = YES;
				CLANG_WARN_OBJC_ROOT_CLASS = YES_ERROR;
				CLANG_WARN_RANGE_LOOP_ANALYSIS = YES;
				CLANG_WARN_STRICT_PROTOTYPES = YES;
				CLANG_WARN_SUSPICIOUS_MOVE = YES;
				CLANG_WARN_UNREACHABLE_CODE = YES;
				CLANG_WARN__DUPLICATE_METHOD_MATCH = YES;
				"CODE_SIGN_IDENTITY[sdk=iphoneos*]" = "iPhone Developer";
				COPY_PHASE_STRIP = NO;
				DEBUG_INFORMATION_FORMAT = "dwarf-with-dsym";
				ENABLE_NS_ASSERTIONS = NO;
				ENABLE_STRICT_OBJC_MSGSEND = YES;
				GCC_C_LANGUAGE_STANDARD = gnu99;
				GCC_NO_COMMON_BLOCKS = YES;
				GCC_WARN_64_TO_32_BIT_CONVERSION = YES;
				GCC_WARN_ABOUT_RETURN_TYPE = YES_ERROR;
				GCC_WARN_UNDECLARED_SELECTOR = YES;
				GCC_WARN_UNINITIALIZED_AUTOS = YES_AGGRESSIVE;
				GCC_WARN_UNUSED_FUNCTION = YES;
				GCC_WARN_UNUSED_VARIABLE = YES;
				IPHONEOS_DEPLOYMENT_TARGET = 8.0;
				MTL_ENABLE_DEBUG_INFO = NO;
				SDKROOT = iphoneos;
				SWIFT_OPTIMIZATION_LEVEL = "-Owholemodule";
				SWIFT_SWIFT3_OBJC_INFERENCE = Off;
				TARGETED_DEVICE_FAMILY = "1,2";
				VALIDATE_PRODUCT = YES;
			};
			name = Release;
		};
		CF14940B1C317BBC00571C47 /* Debug */ = {
			isa = XCBuildConfiguration;
			buildSettings = {
				ALWAYS_EMBED_SWIFT_STANDARD_LIBRARIES = YES;
				ASSETCATALOG_COMPILER_APPICON_NAME = AppIcon;
				DEVELOPMENT_TEAM = 38P3Q4228V;
				INFOPLIST_FILE = Example/Info.plist;
				IPHONEOS_DEPLOYMENT_TARGET = 8.0;
				LD_RUNPATH_SEARCH_PATHS = "$(inherited) @executable_path/Frameworks";
				PRODUCT_BUNDLE_IDENTIFIER = com.scihant.Example;
				PRODUCT_NAME = "$(TARGET_NAME)";
				SWIFT_VERSION = 5.0;
			};
			name = Debug;
		};
		CF14940C1C317BBC00571C47 /* Release */ = {
			isa = XCBuildConfiguration;
			buildSettings = {
				ALWAYS_EMBED_SWIFT_STANDARD_LIBRARIES = YES;
				ASSETCATALOG_COMPILER_APPICON_NAME = AppIcon;
				DEVELOPMENT_TEAM = 38P3Q4228V;
				INFOPLIST_FILE = Example/Info.plist;
				IPHONEOS_DEPLOYMENT_TARGET = 8.0;
				LD_RUNPATH_SEARCH_PATHS = "$(inherited) @executable_path/Frameworks";
				PRODUCT_BUNDLE_IDENTIFIER = com.scihant.Example;
				PRODUCT_NAME = "$(TARGET_NAME)";
				SWIFT_VERSION = 5.0;
			};
			name = Release;
		};
/* End XCBuildConfiguration section */

/* Begin XCConfigurationList section */
		CF1493F31C317BBC00571C47 /* Build configuration list for PBXProject "Example" */ = {
			isa = XCConfigurationList;
			buildConfigurations = (
				CF1494081C317BBC00571C47 /* Debug */,
				CF1494091C317BBC00571C47 /* Release */,
			);
			defaultConfigurationIsVisible = 0;
			defaultConfigurationName = Release;
		};
		CF14940A1C317BBC00571C47 /* Build configuration list for PBXNativeTarget "Example" */ = {
			isa = XCConfigurationList;
			buildConfigurations = (
				CF14940B1C317BBC00571C47 /* Debug */,
				CF14940C1C317BBC00571C47 /* Release */,
			);
			defaultConfigurationIsVisible = 0;
			defaultConfigurationName = Release;
		};
/* End XCConfigurationList section */
	};
	rootObject = CF1493F01C317BBC00571C47 /* Project object */;
}
